
Microsoft Visual Studio Solution File, Format Version 12.00
# Visual Studio Version 16
VisualStudioVersion = 16.0.31105.61
MinimumVisualStudioVersion = 10.0.40219.1
Project("{9A19103F-16F7-4668-BE54-9A1E7A4F7556}") = "TestProject", "TestProject\TestProject.csproj", "{3C67A854-C604-4E26-B1BF-A3902006FC9C}"
EndProject
Project("{9A19103F-16F7-4668-BE54-9A1E7A4F7556}") = "PasswordManager", "EncryptPassword\PasswordManager.csproj", "{252F5CBE-FD2E-4883-8BB5-ED81A962C0EE}"
EndProject
Global
	GlobalSection(SolutionConfigurationPlatforms) = preSolution
		Debug|Any CPU = Debug|Any CPU
		Release|Any CPU = Release|Any CPU
	EndGlobalSection
	GlobalSection(ProjectConfigurationPlatforms) = postSolution
		{3C67A854-C604-4E26-B1BF-A3902006FC9C}.Debug|Any CPU.ActiveCfg = Debug|Any CPU
		{3C67A854-C604-4E26-B1BF-A3902006FC9C}.Debug|Any CPU.Build.0 = Debug|Any CPU
		{3C67A854-C604-4E26-B1BF-A3902006FC9C}.Release|Any CPU.ActiveCfg = Release|Any CPU
		{3C67A854-C604-4E26-B1BF-A3902006FC9C}.Release|Any CPU.Build.0 = Release|Any CPU
		{252F5CBE-FD2E-4883-8BB5-ED81A962C0EE}.Debug|Any CPU.ActiveCfg = Debug|Any CPU
		{252F5CBE-FD2E-4883-8BB5-ED81A962C0EE}.Debug|Any CPU.Build.0 = Debug|Any CPU
		{252F5CBE-FD2E-4883-8BB5-ED81A962C0EE}.Release|Any CPU.ActiveCfg = Release|Any CPU
		{252F5CBE-FD2E-4883-8BB5-ED81A962C0EE}.Release|Any CPU.Build.0 = Release|Any CPU
	EndGlobalSection
	GlobalSection(SolutionProperties) = preSolution
		HideSolutionNode = FALSE
	EndGlobalSection
	GlobalSection(ExtensibilityGlobals) = postSolution
		SolutionGuid = {79DF1C73-07EA-4D75-A9B4-522C8274CB79}
	EndGlobalSection
EndGlobal
